// !$*UTF8*$!
{
	archiveVersion = 1;
	classes = {
	};
	objectVersion = 56;
	objects = {

/* Begin PBXBuildFile section */
		5338C8A12994825C00711463 /* AfricaApp.swift in Sources */ = {isa = PBXBuildFile; fileRef = 5338C8A02994825C00711463 /* AfricaApp.swift */; };
		5338C8A32994825C00711463 /* ContentView.swift in Sources */ = {isa = PBXBuildFile; fileRef = 5338C8A22994825C00711463 /* ContentView.swift */; };
		5338C8A52994825D00711463 /* Assets.xcassets in Resources */ = {isa = PBXBuildFile; fileRef = 5338C8A42994825D00711463 /* Assets.xcassets */; };
		5338C8A82994825D00711463 /* Preview Assets.xcassets in Resources */ = {isa = PBXBuildFile; fileRef = 5338C8A72994825D00711463 /* Preview Assets.xcassets */; };
		5338C8B92994858A00711463 /* lion.mp4 in Resources */ = {isa = PBXBuildFile; fileRef = 5338C8AF2994858800711463 /* lion.mp4 */; };
		5338C8BA2994858A00711463 /* hippo.mp4 in Resources */ = {isa = PBXBuildFile; fileRef = 5338C8B02994858800711463 /* hippo.mp4 */; };
		5338C8BB2994858A00711463 /* giraffe.mp4 in Resources */ = {isa = PBXBuildFile; fileRef = 5338C8B12994858800711463 /* giraffe.mp4 */; };
		5338C8BC2994858A00711463 /* elephant.mp4 in Resources */ = {isa = PBXBuildFile; fileRef = 5338C8B22994858900711463 /* elephant.mp4 */; };
		5338C8BD2994858A00711463 /* zebra.mp4 in Resources */ = {isa = PBXBuildFile; fileRef = 5338C8B32994858900711463 /* zebra.mp4 */; };
		5338C8BE2994858A00711463 /* cheetah.mp4 in Resources */ = {isa = PBXBuildFile; fileRef = 5338C8B42994858900711463 /* cheetah.mp4 */; };
		5338C8BF2994858A00711463 /* lioness.mp4 in Resources */ = {isa = PBXBuildFile; fileRef = 5338C8B52994858900711463 /* lioness.mp4 */; };
		5338C8C02994858A00711463 /* gorilla.mp4 in Resources */ = {isa = PBXBuildFile; fileRef = 5338C8B62994858A00711463 /* gorilla.mp4 */; };
		5338C8C12994858A00711463 /* ostrich.mp4 in Resources */ = {isa = PBXBuildFile; fileRef = 5338C8B72994858A00711463 /* ostrich.mp4 */; };
		5338C8C22994858A00711463 /* rhino.mp4 in Resources */ = {isa = PBXBuildFile; fileRef = 5338C8B82994858A00711463 /* rhino.mp4 */; };
		5338C8C8299485CD00711463 /* covers.json in Resources */ = {isa = PBXBuildFile; fileRef = 5338C8C4299485CC00711463 /* covers.json */; };
		5338C8C9299485CD00711463 /* animals.json in Resources */ = {isa = PBXBuildFile; fileRef = 5338C8C5299485CC00711463 /* animals.json */; };
		5338C8CA299485CD00711463 /* videos.json in Resources */ = {isa = PBXBuildFile; fileRef = 5338C8C6299485CD00711463 /* videos.json */; };
		5338C8CB299485CD00711463 /* locations.json in Resources */ = {isa = PBXBuildFile; fileRef = 5338C8C7299485CD00711463 /* locations.json */; };
		5338C8CF299487DA00711463 /* VideoListView.swift in Sources */ = {isa = PBXBuildFile; fileRef = 5338C8CE299487DA00711463 /* VideoListView.swift */; };
		5338C8D1299487EE00711463 /* MapView.swift in Sources */ = {isa = PBXBuildFile; fileRef = 5338C8D0299487EE00711463 /* MapView.swift */; };
		5338C8D3299487FE00711463 /* GalleryView.swift in Sources */ = {isa = PBXBuildFile; fileRef = 5338C8D2299487FE00711463 /* GalleryView.swift */; };
		5338C8D52994880F00711463 /* MainView.swift in Sources */ = {isa = PBXBuildFile; fileRef = 5338C8D42994880F00711463 /* MainView.swift */; };
		5338C8D829948A6800711463 /* CoverImageView.swift in Sources */ = {isa = PBXBuildFile; fileRef = 5338C8D729948A6800711463 /* CoverImageView.swift */; };
		5338C8DB29948C1100711463 /* CoverImageModel.swift in Sources */ = {isa = PBXBuildFile; fileRef = 5338C8DA29948C1100711463 /* CoverImageModel.swift */; };
		5338C8DE29948D3E00711463 /* CodableBundleExtension.swift in Sources */ = {isa = PBXBuildFile; fileRef = 5338C8DD29948D3E00711463 /* CodableBundleExtension.swift */; };
		5338C8E02998469C00711463 /* AnimalListItemView.swift in Sources */ = {isa = PBXBuildFile; fileRef = 5338C8DF2998469C00711463 /* AnimalListItemView.swift */; };
		5338C8E22998480100711463 /* AnimalModel.swift in Sources */ = {isa = PBXBuildFile; fileRef = 5338C8E12998480100711463 /* AnimalModel.swift */; };
		5338C8E429984A5100711463 /* AnimalDetailView.swift in Sources */ = {isa = PBXBuildFile; fileRef = 5338C8E329984A5100711463 /* AnimalDetailView.swift */; };
		5338C8E629984E1800711463 /* HeadingView.swift in Sources */ = {isa = PBXBuildFile; fileRef = 5338C8E529984E1800711463 /* HeadingView.swift */; };
		5338C8E829984F0900711463 /* InsetGalleryView.swift in Sources */ = {isa = PBXBuildFile; fileRef = 5338C8E729984F0900711463 /* InsetGalleryView.swift */; };
		5338C8EA299852F200711463 /* InsetFactView.swift in Sources */ = {isa = PBXBuildFile; fileRef = 5338C8E9299852F200711463 /* InsetFactView.swift */; };
		5338C8EC2998551100711463 /* InsetMapView.swift in Sources */ = {isa = PBXBuildFile; fileRef = 5338C8EB2998551100711463 /* InsetMapView.swift */; };
		5338C8EE299857F200711463 /* ExternalWebLinkView.swift in Sources */ = {isa = PBXBuildFile; fileRef = 5338C8ED299857F200711463 /* ExternalWebLinkView.swift */; };
		5338C8F02999A33200711463 /* VideoModel.swift in Sources */ = {isa = PBXBuildFile; fileRef = 5338C8EF2999A33200711463 /* VideoModel.swift */; };
/* End PBXBuildFile section */

/* Begin PBXFileReference section */
		5338C89D2994825C00711463 /* Africa.app */ = {isa = PBXFileReference; explicitFileType = wrapper.application; includeInIndex = 0; path = Africa.app; sourceTree = BUILT_PRODUCTS_DIR; };
		5338C8A02994825C00711463 /* AfricaApp.swift */ = {isa = PBXFileReference; lastKnownFileType = sourcecode.swift; path = AfricaApp.swift; sourceTree = "<group>"; };
		5338C8A22994825C00711463 /* ContentView.swift */ = {isa = PBXFileReference; lastKnownFileType = sourcecode.swift; path = ContentView.swift; sourceTree = "<group>"; };
		5338C8A42994825D00711463 /* Assets.xcassets */ = {isa = PBXFileReference; lastKnownFileType = folder.assetcatalog; path = Assets.xcassets; sourceTree = "<group>"; };
		5338C8A72994825D00711463 /* Preview Assets.xcassets */ = {isa = PBXFileReference; lastKnownFileType = folder.assetcatalog; path = "Preview Assets.xcassets"; sourceTree = "<group>"; };
		5338C8AF2994858800711463 /* lion.mp4 */ = {isa = PBXFileReference; lastKnownFileType = file; path = lion.mp4; sourceTree = "<group>"; };
		5338C8B02994858800711463 /* hippo.mp4 */ = {isa = PBXFileReference; lastKnownFileType = file; path = hippo.mp4; sourceTree = "<group>"; };
		5338C8B12994858800711463 /* giraffe.mp4 */ = {isa = PBXFileReference; lastKnownFileType = file; path = giraffe.mp4; sourceTree = "<group>"; };
		5338C8B22994858900711463 /* elephant.mp4 */ = {isa = PBXFileReference; lastKnownFileType = file; path = elephant.mp4; sourceTree = "<group>"; };
		5338C8B32994858900711463 /* zebra.mp4 */ = {isa = PBXFileReference; lastKnownFileType = file; path = zebra.mp4; sourceTree = "<group>"; };
		5338C8B42994858900711463 /* cheetah.mp4 */ = {isa = PBXFileReference; lastKnownFileType = file; path = cheetah.mp4; sourceTree = "<group>"; };
		5338C8B52994858900711463 /* lioness.mp4 */ = {isa = PBXFileReference; lastKnownFileType = file; path = lioness.mp4; sourceTree = "<group>"; };
		5338C8B62994858A00711463 /* gorilla.mp4 */ = {isa = PBXFileReference; lastKnownFileType = file; path = gorilla.mp4; sourceTree = "<group>"; };
		5338C8B72994858A00711463 /* ostrich.mp4 */ = {isa = PBXFileReference; lastKnownFileType = file; path = ostrich.mp4; sourceTree = "<group>"; };
		5338C8B82994858A00711463 /* rhino.mp4 */ = {isa = PBXFileReference; lastKnownFileType = file; path = rhino.mp4; sourceTree = "<group>"; };
		5338C8C4299485CC00711463 /* covers.json */ = {isa = PBXFileReference; fileEncoding = 4; lastKnownFileType = text.json; path = covers.json; sourceTree = "<group>"; };
		5338C8C5299485CC00711463 /* animals.json */ = {isa = PBXFileReference; fileEncoding = 4; lastKnownFileType = text.json; path = animals.json; sourceTree = "<group>"; };
		5338C8C6299485CD00711463 /* videos.json */ = {isa = PBXFileReference; fileEncoding = 4; lastKnownFileType = text.json; path = videos.json; sourceTree = "<group>"; };
		5338C8C7299485CD00711463 /* locations.json */ = {isa = PBXFileReference; fileEncoding = 4; lastKnownFileType = text.json; path = locations.json; sourceTree = "<group>"; };
		5338C8CC299486BF00711463 /* Info.plist */ = {isa = PBXFileReference; lastKnownFileType = text.plist; path = Info.plist; sourceTree = "<group>"; };
		5338C8CE299487DA00711463 /* VideoListView.swift */ = {isa = PBXFileReference; lastKnownFileType = sourcecode.swift; path = VideoListView.swift; sourceTree = "<group>"; };
		5338C8D0299487EE00711463 /* MapView.swift */ = {isa = PBXFileReference; lastKnownFileType = sourcecode.swift; path = MapView.swift; sourceTree = "<group>"; };
		5338C8D2299487FE00711463 /* GalleryView.swift */ = {isa = PBXFileReference; lastKnownFileType = sourcecode.swift; path = GalleryView.swift; sourceTree = "<group>"; };
		5338C8D42994880F00711463 /* MainView.swift */ = {isa = PBXFileReference; lastKnownFileType = sourcecode.swift; path = MainView.swift; sourceTree = "<group>"; };
		5338C8D729948A6800711463 /* CoverImageView.swift */ = {isa = PBXFileReference; lastKnownFileType = sourcecode.swift; path = CoverImageView.swift; sourceTree = "<group>"; };
		5338C8DA29948C1100711463 /* CoverImageModel.swift */ = {isa = PBXFileReference; lastKnownFileType = sourcecode.swift; path = CoverImageModel.swift; sourceTree = "<group>"; };
		5338C8DD29948D3E00711463 /* CodableBundleExtension.swift */ = {isa = PBXFileReference; lastKnownFileType = sourcecode.swift; path = CodableBundleExtension.swift; sourceTree = "<group>"; };
		5338C8DF2998469C00711463 /* AnimalListItemView.swift */ = {isa = PBXFileReference; lastKnownFileType = sourcecode.swift; path = AnimalListItemView.swift; sourceTree = "<group>"; };
		5338C8E12998480100711463 /* AnimalModel.swift */ = {isa = PBXFileReference; lastKnownFileType = sourcecode.swift; path = AnimalModel.swift; sourceTree = "<group>"; };
		5338C8E329984A5100711463 /* AnimalDetailView.swift */ = {isa = PBXFileReference; lastKnownFileType = sourcecode.swift; path = AnimalDetailView.swift; sourceTree = "<group>"; };
		5338C8E529984E1800711463 /* HeadingView.swift */ = {isa = PBXFileReference; lastKnownFileType = sourcecode.swift; path = HeadingView.swift; sourceTree = "<group>"; };
		5338C8E729984F0900711463 /* InsetGalleryView.swift */ = {isa = PBXFileReference; lastKnownFileType = sourcecode.swift; path = InsetGalleryView.swift; sourceTree = "<group>"; };
		5338C8E9299852F200711463 /* InsetFactView.swift */ = {isa = PBXFileReference; lastKnownFileType = sourcecode.swift; path = InsetFactView.swift; sourceTree = "<group>"; };
		5338C8EB2998551100711463 /* InsetMapView.swift */ = {isa = PBXFileReference; lastKnownFileType = sourcecode.swift; path = InsetMapView.swift; sourceTree = "<group>"; };
		5338C8ED299857F200711463 /* ExternalWebLinkView.swift */ = {isa = PBXFileReference; lastKnownFileType = sourcecode.swift; path = ExternalWebLinkView.swift; sourceTree = "<group>"; };
		5338C8EF2999A33200711463 /* VideoModel.swift */ = {isa = PBXFileReference; lastKnownFileType = sourcecode.swift; path = VideoModel.swift; sourceTree = "<group>"; };
/* End PBXFileReference section */

/* Begin PBXFrameworksBuildPhase section */
		5338C89A2994825C00711463 /* Frameworks */ = {
			isa = PBXFrameworksBuildPhase;
			buildActionMask = 2147483647;
			files = (
			);
			runOnlyForDeploymentPostprocessing = 0;
		};
/* End PBXFrameworksBuildPhase section */

/* Begin PBXGroup section */
		5338C8942994825C00711463 = {
			isa = PBXGroup;
			children = (
				5338C89F2994825C00711463 /* Africa */,
				5338C89E2994825C00711463 /* Products */,
			);
			sourceTree = "<group>";
		};
		5338C89E2994825C00711463 /* Products */ = {
			isa = PBXGroup;
			children = (
				5338C89D2994825C00711463 /* Africa.app */,
			);
			name = Products;
			sourceTree = "<group>";
		};
		5338C89F2994825C00711463 /* Africa */ = {
			isa = PBXGroup;
			children = (
				5338C8DC29948D3000711463 /* Extension */,
				5338C8D929948C0500711463 /* Model */,
				5338C8D629948A2000711463 /* View */,
				5338C8CD2994879C00711463 /* App */,
				5338C8C3299485AD00711463 /* Data */,
				5338C8AE2994850E00711463 /* Video */,
				5338C8A42994825D00711463 /* Assets.xcassets */,
				5338C8CC299486BF00711463 /* Info.plist */,
				5338C8A62994825D00711463 /* Preview Content */,
			);
			path = Africa;
			sourceTree = "<group>";
		};
		5338C8A62994825D00711463 /* Preview Content */ = {
			isa = PBXGroup;
			children = (
				5338C8A72994825D00711463 /* Preview Assets.xcassets */,
			);
			path = "Preview Content";
			sourceTree = "<group>";
		};
		5338C8AE2994850E00711463 /* Video */ = {
			isa = PBXGroup;
			children = (
				5338C8B42994858900711463 /* cheetah.mp4 */,
				5338C8B22994858900711463 /* elephant.mp4 */,
				5338C8B12994858800711463 /* giraffe.mp4 */,
				5338C8B62994858A00711463 /* gorilla.mp4 */,
				5338C8B02994858800711463 /* hippo.mp4 */,
				5338C8AF2994858800711463 /* lion.mp4 */,
				5338C8B52994858900711463 /* lioness.mp4 */,
				5338C8B72994858A00711463 /* ostrich.mp4 */,
				5338C8B82994858A00711463 /* rhino.mp4 */,
				5338C8B32994858900711463 /* zebra.mp4 */,
			);
			path = Video;
			sourceTree = "<group>";
		};
		5338C8C3299485AD00711463 /* Data */ = {
			isa = PBXGroup;
			children = (
				5338C8C5299485CC00711463 /* animals.json */,
				5338C8C4299485CC00711463 /* covers.json */,
				5338C8C7299485CD00711463 /* locations.json */,
				5338C8C6299485CD00711463 /* videos.json */,
			);
			path = Data;
			sourceTree = "<group>";
		};
		5338C8CD2994879C00711463 /* App */ = {
			isa = PBXGroup;
			children = (
				5338C8A02994825C00711463 /* AfricaApp.swift */,
				5338C8A22994825C00711463 /* ContentView.swift */,
				5338C8CE299487DA00711463 /* VideoListView.swift */,
				5338C8D0299487EE00711463 /* MapView.swift */,
				5338C8D2299487FE00711463 /* GalleryView.swift */,
				5338C8D42994880F00711463 /* MainView.swift */,
			);
			path = App;
			sourceTree = "<group>";
		};
		5338C8D629948A2000711463 /* View */ = {
			isa = PBXGroup;
			children = (
				5338C8D729948A6800711463 /* CoverImageView.swift */,
				5338C8DF2998469C00711463 /* AnimalListItemView.swift */,
				5338C8E329984A5100711463 /* AnimalDetailView.swift */,
				5338C8E529984E1800711463 /* HeadingView.swift */,
				5338C8E729984F0900711463 /* InsetGalleryView.swift */,
				5338C8E9299852F200711463 /* InsetFactView.swift */,
				5338C8EB2998551100711463 /* InsetMapView.swift */,
				5338C8ED299857F200711463 /* ExternalWebLinkView.swift */,
			);
			path = View;
			sourceTree = "<group>";
		};
		5338C8D929948C0500711463 /* Model */ = {
			isa = PBXGroup;
			children = (
				5338C8DA29948C1100711463 /* CoverImageModel.swift */,
				5338C8E12998480100711463 /* AnimalModel.swift */,
				5338C8EF2999A33200711463 /* VideoModel.swift */,
			);
			path = Model;
			sourceTree = "<group>";
		};
		5338C8DC29948D3000711463 /* Extension */ = {
			isa = PBXGroup;
			children = (
				5338C8DD29948D3E00711463 /* CodableBundleExtension.swift */,
			);
			path = Extension;
			sourceTree = "<group>";
		};
/* End PBXGroup section */

/* Begin PBXNativeTarget section */
		5338C89C2994825C00711463 /* Africa */ = {
			isa = PBXNativeTarget;
			buildConfigurationList = 5338C8AB2994825D00711463 /* Build configuration list for PBXNativeTarget "Africa" */;
			buildPhases = (
				5338C8992994825C00711463 /* Sources */,
				5338C89A2994825C00711463 /* Frameworks */,
				5338C89B2994825C00711463 /* Resources */,
			);
			buildRules = (
			);
			dependencies = (
			);
			name = Africa;
			productName = Africa;
			productReference = 5338C89D2994825C00711463 /* Africa.app */;
			productType = "com.apple.product-type.application";
		};
/* End PBXNativeTarget section */

/* Begin PBXProject section */
		5338C8952994825C00711463 /* Project object */ = {
			isa = PBXProject;
			attributes = {
				BuildIndependentTargetsInParallel = 1;
				LastSwiftUpdateCheck = 1420;
				LastUpgradeCheck = 1420;
				TargetAttributes = {
					5338C89C2994825C00711463 = {
						CreatedOnToolsVersion = 14.2;
					};
				};
			};
			buildConfigurationList = 5338C8982994825C00711463 /* Build configuration list for PBXProject "Africa" */;
			compatibilityVersion = "Xcode 14.0";
			developmentRegion = en;
			hasScannedForEncodings = 0;
			knownRegions = (
				en,
				Base,
			);
			mainGroup = 5338C8942994825C00711463;
			productRefGroup = 5338C89E2994825C00711463 /* Products */;
			projectDirPath = "";
			projectRoot = "";
			targets = (
				5338C89C2994825C00711463 /* Africa */,
			);
		};
/* End PBXProject section */

/* Begin PBXResourcesBuildPhase section */
		5338C89B2994825C00711463 /* Resources */ = {
			isa = PBXResourcesBuildPhase;
			buildActionMask = 2147483647;
			files = (
				5338C8C8299485CD00711463 /* covers.json in Resources */,
				5338C8C22994858A00711463 /* rhino.mp4 in Resources */,
				5338C8CB299485CD00711463 /* locations.json in Resources */,
				5338C8CA299485CD00711463 /* videos.json in Resources */,
				5338C8BA2994858A00711463 /* hippo.mp4 in Resources */,
				5338C8A82994825D00711463 /* Preview Assets.xcassets in Resources */,
				5338C8C02994858A00711463 /* gorilla.mp4 in Resources */,
				5338C8BF2994858A00711463 /* lioness.mp4 in Resources */,
				5338C8BC2994858A00711463 /* elephant.mp4 in Resources */,
				5338C8C9299485CD00711463 /* animals.json in Resources */,
				5338C8B92994858A00711463 /* lion.mp4 in Resources */,
				5338C8BE2994858A00711463 /* cheetah.mp4 in Resources */,
				5338C8A52994825D00711463 /* Assets.xcassets in Resources */,
				5338C8BD2994858A00711463 /* zebra.mp4 in Resources */,
				5338C8BB2994858A00711463 /* giraffe.mp4 in Resources */,
				5338C8C12994858A00711463 /* ostrich.mp4 in Resources */,
			);
			runOnlyForDeploymentPostprocessing = 0;
		};
/* End PBXResourcesBuildPhase section */

/* Begin PBXSourcesBuildPhase section */
		5338C8992994825C00711463 /* Sources */ = {
			isa = PBXSourcesBuildPhase;
			buildActionMask = 2147483647;
			files = (
				5338C8A32994825C00711463 /* ContentView.swift in Sources */,
				5338C8E02998469C00711463 /* AnimalListItemView.swift in Sources */,
				5338C8D52994880F00711463 /* MainView.swift in Sources */,
				5338C8EA299852F200711463 /* InsetFactView.swift in Sources */,
				5338C8D1299487EE00711463 /* MapView.swift in Sources */,
				5338C8D829948A6800711463 /* CoverImageView.swift in Sources */,
				5338C8E429984A5100711463 /* AnimalDetailView.swift in Sources */,
				5338C8A12994825C00711463 /* AfricaApp.swift in Sources */,
				5338C8DB29948C1100711463 /* CoverImageModel.swift in Sources */,
				5338C8EC2998551100711463 /* InsetMapView.swift in Sources */,
				5338C8CF299487DA00711463 /* VideoListView.swift in Sources */,
				5338C8EE299857F200711463 /* ExternalWebLinkView.swift in Sources */,
				5338C8D3299487FE00711463 /* GalleryView.swift in Sources */,
				5338C8F02999A33200711463 /* VideoModel.swift in Sources */,
				5338C8E22998480100711463 /* AnimalModel.swift in Sources */,
				5338C8E829984F0900711463 /* InsetGalleryView.swift in Sources */,
				5338C8DE29948D3E00711463 /* CodableBundleExtension.swift in Sources */,
				5338C8E629984E1800711463 /* HeadingView.swift in Sources */,
			);
			runOnlyForDeploymentPostprocessing = 0;
		};
/* End PBXSourcesBuildPhase section */

/* Begin XCBuildConfiguration section */
		5338C8A92994825D00711463 /* Debug */ = {
			isa = XCBuildConfiguration;
			buildSettings = {
				ALWAYS_SEARCH_USER_PATHS = NO;
				CLANG_ANALYZER_NONNULL = YES;
				CLANG_ANALYZER_NUMBER_OBJECT_CONVERSION = YES_AGGRESSIVE;
				CLANG_CXX_LANGUAGE_STANDARD = "gnu++20";
				CLANG_ENABLE_MODULES = YES;
				CLANG_ENABLE_OBJC_ARC = YES;
				CLANG_ENABLE_OBJC_WEAK = YES;
				CLANG_WARN_BLOCK_CAPTURE_AUTORELEASING = YES;
				CLANG_WARN_BOOL_CONVERSION = YES;
				CLANG_WARN_COMMA = YES;
				CLANG_WARN_CONSTANT_CONVERSION = YES;
				CLANG_WARN_DEPRECATED_OBJC_IMPLEMENTATIONS = YES;
				CLANG_WARN_DIRECT_OBJC_ISA_USAGE = YES_ERROR;
				CLANG_WARN_DOCUMENTATION_COMMENTS = YES;
				CLANG_WARN_EMPTY_BODY = YES;
				CLANG_WARN_ENUM_CONVERSION = YES;
				CLANG_WARN_INFINITE_RECURSION = YES;
				CLANG_WARN_INT_CONVERSION = YES;
				CLANG_WARN_NON_LITERAL_NULL_CONVERSION = YES;
				CLANG_WARN_OBJC_IMPLICIT_RETAIN_SELF = YES;
				CLANG_WARN_OBJC_LITERAL_CONVERSION = YES;
				CLANG_WARN_OBJC_ROOT_CLASS = YES_ERROR;
				CLANG_WARN_QUOTED_INCLUDE_IN_FRAMEWORK_HEADER = YES;
				CLANG_WARN_RANGE_LOOP_ANALYSIS = YES;
				CLANG_WARN_STRICT_PROTOTYPES = YES;
				CLANG_WARN_SUSPICIOUS_MOVE = YES;
				CLANG_WARN_UNGUARDED_AVAILABILITY = YES_AGGRESSIVE;
				CLANG_WARN_UNREACHABLE_CODE = YES;
				CLANG_WARN__DUPLICATE_METHOD_MATCH = YES;
				COPY_PHASE_STRIP = NO;
				DEBUG_INFORMATION_FORMAT = dwarf;
				ENABLE_STRICT_OBJC_MSGSEND = YES;
				ENABLE_TESTABILITY = YES;
				GCC_C_LANGUAGE_STANDARD = gnu11;
				GCC_DYNAMIC_NO_PIC = NO;
				GCC_NO_COMMON_BLOCKS = YES;
				GCC_OPTIMIZATION_LEVEL = 0;
				GCC_PREPROCESSOR_DEFINITIONS = (
					"DEBUG=1",
					"$(inherited)",
				);
				GCC_WARN_64_TO_32_BIT_CONVERSION = YES;
				GCC_WARN_ABOUT_RETURN_TYPE = YES_ERROR;
				GCC_WARN_UNDECLARED_SELECTOR = YES;
				GCC_WARN_UNINITIALIZED_AUTOS = YES_AGGRESSIVE;
				GCC_WARN_UNUSED_FUNCTION = YES;
				GCC_WARN_UNUSED_VARIABLE = YES;
				IPHONEOS_DEPLOYMENT_TARGET = 16.2;
				MTL_ENABLE_DEBUG_INFO = INCLUDE_SOURCE;
				MTL_FAST_MATH = YES;
				ONLY_ACTIVE_ARCH = YES;
				SDKROOT = iphoneos;
				SWIFT_ACTIVE_COMPILATION_CONDITIONS = DEBUG;
				SWIFT_OPTIMIZATION_LEVEL = "-Onone";
			};
			name = Debug;
		};
		5338C8AA2994825D00711463 /* Release */ = {
			isa = XCBuildConfiguration;
			buildSettings = {
				ALWAYS_SEARCH_USER_PATHS = NO;
				CLANG_ANALYZER_NONNULL = YES;
				CLANG_ANALYZER_NUMBER_OBJECT_CONVERSION = YES_AGGRESSIVE;
				CLANG_CXX_LANGUAGE_STANDARD = "gnu++20";
				CLANG_ENABLE_MODULES = YES;
				CLANG_ENABLE_OBJC_ARC = YES;
				CLANG_ENABLE_OBJC_WEAK = YES;
				CLANG_WARN_BLOCK_CAPTURE_AUTORELEASING = YES;
				CLANG_WARN_BOOL_CONVERSION = YES;
				CLANG_WARN_COMMA = YES;
				CLANG_WARN_CONSTANT_CONVERSION = YES;
				CLANG_WARN_DEPRECATED_OBJC_IMPLEMENTATIONS = YES;
				CLANG_WARN_DIRECT_OBJC_ISA_USAGE = YES_ERROR;
				CLANG_WARN_DOCUMENTATION_COMMENTS = YES;
				CLANG_WARN_EMPTY_BODY = YES;
				CLANG_WARN_ENUM_CONVERSION = YES;
				CLANG_WARN_INFINITE_RECURSION = YES;
				CLANG_WARN_INT_CONVERSION = YES;
				CLANG_WARN_NON_LITERAL_NULL_CONVERSION = YES;
				CLANG_WARN_OBJC_IMPLICIT_RETAIN_SELF = YES;
				CLANG_WARN_OBJC_LITERAL_CONVERSION = YES;
				CLANG_WARN_OBJC_ROOT_CLASS = YES_ERROR;
				CLANG_WARN_QUOTED_INCLUDE_IN_FRAMEWORK_HEADER = YES;
				CLANG_WARN_RANGE_LOOP_ANALYSIS = YES;
				CLANG_WARN_STRICT_PROTOTYPES = YES;
				CLANG_WARN_SUSPICIOUS_MOVE = YES;
				CLANG_WARN_UNGUARDED_AVAILABILITY = YES_AGGRESSIVE;
				CLANG_WARN_UNREACHABLE_CODE = YES;
				CLANG_WARN__DUPLICATE_METHOD_MATCH = YES;
				COPY_PHASE_STRIP = NO;
				DEBUG_INFORMATION_FORMAT = "dwarf-with-dsym";
				ENABLE_NS_ASSERTIONS = NO;
				ENABLE_STRICT_OBJC_MSGSEND = YES;
				GCC_C_LANGUAGE_STANDARD = gnu11;
				GCC_NO_COMMON_BLOCKS = YES;
				GCC_WARN_64_TO_32_BIT_CONVERSION = YES;
				GCC_WARN_ABOUT_RETURN_TYPE = YES_ERROR;
				GCC_WARN_UNDECLARED_SELECTOR = YES;
				GCC_WARN_UNINITIALIZED_AUTOS = YES_AGGRESSIVE;
				GCC_WARN_UNUSED_FUNCTION = YES;
				GCC_WARN_UNUSED_VARIABLE = YES;
				IPHONEOS_DEPLOYMENT_TARGET = 16.2;
				MTL_ENABLE_DEBUG_INFO = NO;
				MTL_FAST_MATH = YES;
				SDKROOT = iphoneos;
				SWIFT_COMPILATION_MODE = wholemodule;
				SWIFT_OPTIMIZATION_LEVEL = "-O";
				VALIDATE_PRODUCT = YES;
			};
			name = Release;
		};
		5338C8AC2994825D00711463 /* Debug */ = {
			isa = XCBuildConfiguration;
			buildSettings = {
				ASSETCATALOG_COMPILER_APPICON_NAME = AppIcon;
				ASSETCATALOG_COMPILER_GLOBAL_ACCENT_COLOR_NAME = AccentColor;
				CODE_SIGN_STYLE = Automatic;
				CURRENT_PROJECT_VERSION = 1;
				DEVELOPMENT_ASSET_PATHS = "\"Africa/Preview Content\"";
				DEVELOPMENT_TEAM = U8D4S9CXDK;
				ENABLE_PREVIEWS = YES;
				GENERATE_INFOPLIST_FILE = YES;
				INFOPLIST_FILE = Africa/Info.plist;
				INFOPLIST_KEY_UIApplicationSceneManifest_Generation = YES;
				INFOPLIST_KEY_UIApplicationSupportsIndirectInputEvents = YES;
				INFOPLIST_KEY_UISupportedInterfaceOrientations_iPad = "UIInterfaceOrientationPortrait UIInterfaceOrientationPortraitUpsideDown UIInterfaceOrientationLandscapeLeft UIInterfaceOrientationLandscapeRight";
				INFOPLIST_KEY_UISupportedInterfaceOrientations_iPhone = "UIInterfaceOrientationPortrait UIInterfaceOrientationLandscapeLeft UIInterfaceOrientationLandscapeRight";
				INFOPLIST_KEY_UIUserInterfaceStyle = Dark;
				LD_RUNPATH_SEARCH_PATHS = (
					"$(inherited)",
					"@executable_path/Frameworks",
				);
				MARKETING_VERSION = 1.0;
				PRODUCT_BUNDLE_IDENTIFIER = com.Zac.Johnson.Africa;
				PRODUCT_NAME = "$(TARGET_NAME)";
				SWIFT_EMIT_LOC_STRINGS = YES;
				SWIFT_VERSION = 5.0;
				TARGETED_DEVICE_FAMILY = "1,2";
			};
			name = Debug;
		};
		5338C8AD2994825D00711463 /* Release */ = {
			isa = XCBuildConfiguration;
			buildSettings = {
				ASSETCATALOG_COMPILER_APPICON_NAME = AppIcon;
				ASSETCATALOG_COMPILER_GLOBAL_ACCENT_COLOR_NAME = AccentColor;
				CODE_SIGN_STYLE = Automatic;
				CURRENT_PROJECT_VERSION = 1;
				DEVELOPMENT_ASSET_PATHS = "\"Africa/Preview Content\"";
				DEVELOPMENT_TEAM = U8D4S9CXDK;
				ENABLE_PREVIEWS = YES;
				GENERATE_INFOPLIST_FILE = YES;
				INFOPLIST_FILE = Africa/Info.plist;
				INFOPLIST_KEY_UIApplicationSceneManifest_Generation = YES;
				INFOPLIST_KEY_UIApplicationSupportsIndirectInputEvents = YES;
				INFOPLIST_KEY_UISupportedInterfaceOrientations_iPad = "UIInterfaceOrientationPortrait UIInterfaceOrientationPortraitUpsideDown UIInterfaceOrientationLandscapeLeft UIInterfaceOrientationLandscapeRight";
				INFOPLIST_KEY_UISupportedInterfaceOrientations_iPhone = "UIInterfaceOrientationPortrait UIInterfaceOrientationLandscapeLeft UIInterfaceOrientationLandscapeRight";
				INFOPLIST_KEY_UIUserInterfaceStyle = Dark;
				LD_RUNPATH_SEARCH_PATHS = (
					"$(inherited)",
					"@executable_path/Frameworks",
				);
				MARKETING_VERSION = 1.0;
				PRODUCT_BUNDLE_IDENTIFIER = com.Zac.Johnson.Africa;
				PRODUCT_NAME = "$(TARGET_NAME)";
				SWIFT_EMIT_LOC_STRINGS = YES;
				SWIFT_VERSION = 5.0;
				TARGETED_DEVICE_FAMILY = "1,2";
			};
			name = Release;
		};
/* End XCBuildConfiguration section */

/* Begin XCConfigurationList section */
		5338C8982994825C00711463 /* Build configuration list for PBXProject "Africa" */ = {
			isa = XCConfigurationList;
			buildConfigurations = (
				5338C8A92994825D00711463 /* Debug */,
				5338C8AA2994825D00711463 /* Release */,
			);
			defaultConfigurationIsVisible = 0;
			defaultConfigurationName = Release;
		};
		5338C8AB2994825D00711463 /* Build configuration list for PBXNativeTarget "Africa" */ = {
			isa = XCConfigurationList;
			buildConfigurations = (
				5338C8AC2994825D00711463 /* Debug */,
				5338C8AD2994825D00711463 /* Release */,
			);
			defaultConfigurationIsVisible = 0;
			defaultConfigurationName = Release;
		};
/* End XCConfigurationList section */
	};
	rootObject = 5338C8952994825C00711463 /* Project object */;
}
